
Microsoft Visual Studio Solution File, Format Version 12.00
# Visual Studio Version 17
VisualStudioVersion = 17.7.34018.315
MinimumVisualStudioVersion = 10.0.40219.1
Project("{FAE04EC0-301F-11D3-BF4B-00C04F79EFBC}") = "MinimalApi2023", "MinimalApi2023.csproj", "{31EC4396-D95F-4BC6-A379-0BC3519DC620}"
EndProject
Global
	GlobalSection(SolutionConfigurationPlatforms) = preSolution
		Debug|Any CPU = Debug|Any CPU
		Release|Any CPU = Release|Any CPU
	EndGlobalSection
	GlobalSection(ProjectConfigurationPlatforms) = postSolution
		{31EC4396-D95F-4BC6-A379-0BC3519DC620}.Debug|Any CPU.ActiveCfg = Debug|Any CPU
		{31EC4396-D95F-4BC6-A379-0BC3519DC620}.Debug|Any CPU.Build.0 = Debug|Any CPU
		{31EC4396-D95F-4BC6-A379-0BC3519DC620}.Release|Any CPU.ActiveCfg = Release|Any CPU
		{31EC4396-D95F-4BC6-A379-0BC3519DC620}.Release|Any CPU.Build.0 = Release|Any CPU
	EndGlobalSection
	GlobalSection(SolutionProperties) = preSolution
		HideSolutionNode = FALSE
	EndGlobalSection
	GlobalSection(ExtensibilityGlobals) = postSolution
		SolutionGuid = {CFF3DAF5-A417-4A5D-84B3-A16AAC8D37E8}
	EndGlobalSection
EndGlobal
